
Microsoft Visual Studio Solution File, Format Version 12.00
# Visual Studio Version 16
VisualStudioVersion = 16.0.32106.194
MinimumVisualStudioVersion = 10.0.40219.1
Project("{FAE04EC0-301F-11D3-BF4B-00C04F79EFBC}") = "Desafio_4_POO", "Desafio_4_POO\Desafio_4_POO.csproj", "{43FA9C03-DB89-4985-B675-2922BBAD9B22}"
EndProject
Global
	GlobalSection(SolutionConfigurationPlatforms) = preSolution
		Debug|Any CPU = Debug|Any CPU
		Release|Any CPU = Release|Any CPU
	EndGlobalSection
	GlobalSection(ProjectConfigurationPlatforms) = postSolution
		{43FA9C03-DB89-4985-B675-2922BBAD9B22}.Debug|Any CPU.ActiveCfg = Debug|Any CPU
		{43FA9C03-DB89-4985-B675-2922BBAD9B22}.Debug|Any CPU.Build.0 = Debug|Any CPU
		{43FA9C03-DB89-4985-B675-2922BBAD9B22}.Release|Any CPU.ActiveCfg = Release|Any CPU
		{43FA9C03-DB89-4985-B675-2922BBAD9B22}.Release|Any CPU.Build.0 = Release|Any CPU
	EndGlobalSection
	GlobalSection(SolutionProperties) = preSolution
		HideSolutionNode = FALSE
	EndGlobalSection
	GlobalSection(ExtensibilityGlobals) = postSolution
		SolutionGuid = {8C21F596-13A5-4A91-9200-24EC5BCDB185}
	EndGlobalSection
EndGlobal
